
Microsoft Visual Studio Solution File, Format Version 12.00
# Visual Studio Version 17
VisualStudioVersion = 17.8.34330.188
MinimumVisualStudioVersion = 10.0.40219.1
Project("{FAE04EC0-301F-11D3-BF4B-00C04F79EFBC}") = "BlazorAppIdentity", "BlazorAppIdentity\BlazorAppIdentity\BlazorAppIdentity.csproj", "{05568806-DFD2-4C39-B9F8-62DBE09F46AB}"
EndProject
Project("{FAE04EC0-301F-11D3-BF4B-00C04F79EFBC}") = "BlazorAppIdentity.Client", "BlazorAppIdentity\BlazorAppIdentity.Client\BlazorAppIdentity.Client.csproj", "{9E9BBBCC-B7C1-44E9-A341-30034E4F2727}"
EndProject
Global
	GlobalSection(SolutionConfigurationPlatforms) = preSolution
		Debug|Any CPU = Debug|Any CPU
		Release|Any CPU = Release|Any CPU
	EndGlobalSection
	GlobalSection(ProjectConfigurationPlatforms) = postSolution
		{05568806-DFD2-4C39-B9F8-62DBE09F46AB}.Debug|Any CPU.ActiveCfg = Debug|Any CPU
		{05568806-DFD2-4C39-B9F8-62DBE09F46AB}.Debug|Any CPU.Build.0 = Debug|Any CPU
		{05568806-DFD2-4C39-B9F8-62DBE09F46AB}.Release|Any CPU.ActiveCfg = Release|Any CPU
		{05568806-DFD2-4C39-B9F8-62DBE09F46AB}.Release|Any CPU.Build.0 = Release|Any CPU
		{9E9BBBCC-B7C1-44E9-A341-30034E4F2727}.Debug|Any CPU.ActiveCfg = Debug|Any CPU
		{9E9BBBCC-B7C1-44E9-A341-30034E4F2727}.Debug|Any CPU.Build.0 = Debug|Any CPU
		{9E9BBBCC-B7C1-44E9-A341-30034E4F2727}.Release|Any CPU.ActiveCfg = Release|Any CPU
		{9E9BBBCC-B7C1-44E9-A341-30034E4F2727}.Release|Any CPU.Build.0 = Release|Any CPU
	EndGlobalSection
	GlobalSection(SolutionProperties) = preSolution
		HideSolutionNode = FALSE
	EndGlobalSection
	GlobalSection(ExtensibilityGlobals) = postSolution
		SolutionGuid = {964845E9-88A3-4AF0-9716-8042E30EC0FB}
	EndGlobalSection
EndGlobal
